// !$*UTF8*$!
{
	archiveVersion = 1;
	classes = {
	};
	objectVersion = 50;
	objects = {

/* Begin PBXBuildFile section */
		8F32286021C12FAA00B6B652 /* DataModel.xcdatamodeld in Sources */ = {isa = PBXBuildFile; fileRef = 8F32285E21C12FAA00B6B652 /* DataModel.xcdatamodeld */; };
		8F6187EB21C42A8500510744 /* CategoryViewController.swift in Sources */ = {isa = PBXBuildFile; fileRef = 8F6187EA21C42A8500510744 /* CategoryViewController.swift */; };
		8FCBFC3821BEC1EA00BD80B9 /* Data.swift in Sources */ = {isa = PBXBuildFile; fileRef = 8FCBFC3721BEC1EA00BD80B9 /* Data.swift */; };
		8FEA768E21BB3DC200BAD865 /* AppDelegate.swift in Sources */ = {isa = PBXBuildFile; fileRef = 8FEA768D21BB3DC200BAD865 /* AppDelegate.swift */; };
		8FEA769021BB3DC200BAD865 /* ToDoListViewController.swift in Sources */ = {isa = PBXBuildFile; fileRef = 8FEA768F21BB3DC200BAD865 /* ToDoListViewController.swift */; };
		8FEA769321BB3DC200BAD865 /* Main.storyboard in Resources */ = {isa = PBXBuildFile; fileRef = 8FEA769121BB3DC200BAD865 /* Main.storyboard */; };
		8FEA769521BB3DC300BAD865 /* Assets.xcassets in Resources */ = {isa = PBXBuildFile; fileRef = 8FEA769421BB3DC300BAD865 /* Assets.xcassets */; };
		8FEA769821BB3DC300BAD865 /* LaunchScreen.storyboard in Resources */ = {isa = PBXBuildFile; fileRef = 8FEA769621BB3DC300BAD865 /* LaunchScreen.storyboard */; };
/* End PBXBuildFile section */

/* Begin PBXFileReference section */
		8F32285F21C12FAA00B6B652 /* DataModel.xcdatamodel */ = {isa = PBXFileReference; lastKnownFileType = wrapper.xcdatamodel; path = DataModel.xcdatamodel; sourceTree = "<group>"; };
		8F6187EA21C42A8500510744 /* CategoryViewController.swift */ = {isa = PBXFileReference; lastKnownFileType = sourcecode.swift; path = CategoryViewController.swift; sourceTree = "<group>"; };
		8FCBFC3721BEC1EA00BD80B9 /* Data.swift */ = {isa = PBXFileReference; lastKnownFileType = sourcecode.swift; path = Data.swift; sourceTree = "<group>"; };
		8FEA768A21BB3DC200BAD865 /* Todoey.app */ = {isa = PBXFileReference; explicitFileType = wrapper.application; includeInIndex = 0; path = Todoey.app; sourceTree = BUILT_PRODUCTS_DIR; };
		8FEA768D21BB3DC200BAD865 /* AppDelegate.swift */ = {isa = PBXFileReference; lastKnownFileType = sourcecode.swift; path = AppDelegate.swift; sourceTree = "<group>"; };
		8FEA768F21BB3DC200BAD865 /* ToDoListViewController.swift */ = {isa = PBXFileReference; lastKnownFileType = sourcecode.swift; path = ToDoListViewController.swift; sourceTree = "<group>"; };
		8FEA769221BB3DC200BAD865 /* Base */ = {isa = PBXFileReference; lastKnownFileType = file.storyboard; name = Base; path = Base.lproj/Main.storyboard; sourceTree = "<group>"; };
		8FEA769421BB3DC300BAD865 /* Assets.xcassets */ = {isa = PBXFileReference; lastKnownFileType = folder.assetcatalog; path = Assets.xcassets; sourceTree = "<group>"; };
		8FEA769721BB3DC300BAD865 /* Base */ = {isa = PBXFileReference; lastKnownFileType = file.storyboard; name = Base; path = Base.lproj/LaunchScreen.storyboard; sourceTree = "<group>"; };
		8FEA769921BB3DC300BAD865 /* Info.plist */ = {isa = PBXFileReference; lastKnownFileType = text.plist.xml; path = Info.plist; sourceTree = "<group>"; };
/* End PBXFileReference section */

/* Begin PBXFrameworksBuildPhase section */
		8FEA768721BB3DC100BAD865 /* Frameworks */ = {
			isa = PBXFrameworksBuildPhase;
			buildActionMask = 2147483647;
			files = (
			);
			runOnlyForDeploymentPostprocessing = 0;
		};
/* End PBXFrameworksBuildPhase section */

/* Begin PBXGroup section */
		8FCBFC3321BEC16E00BD80B9 /* Controller */ = {
			isa = PBXGroup;
			children = (
				8F6187EA21C42A8500510744 /* CategoryViewController.swift */,
				8FEA768F21BB3DC200BAD865 /* ToDoListViewController.swift */,
			);
			path = Controller;
			sourceTree = "<group>";
		};
		8FCBFC3421BEC18700BD80B9 /* View */ = {
			isa = PBXGroup;
			children = (
				8FEA769621BB3DC300BAD865 /* LaunchScreen.storyboard */,
				8FEA769121BB3DC200BAD865 /* Main.storyboard */,
			);
			path = View;
			sourceTree = "<group>";
		};
		8FCBFC3521BEC1A900BD80B9 /* Supporting Files */ = {
			isa = PBXGroup;
			children = (
				8FEA769421BB3DC300BAD865 /* Assets.xcassets */,
			);
			path = "Supporting Files";
			sourceTree = "<group>";
		};
		8FCBFC3621BEC1C700BD80B9 /* Model */ = {
			isa = PBXGroup;
			children = (
				8FCBFC3721BEC1EA00BD80B9 /* Data.swift */,
				8F32285E21C12FAA00B6B652 /* DataModel.xcdatamodeld */,
			);
			path = Model;
			sourceTree = "<group>";
		};
		8FEA768121BB3DC100BAD865 = {
			isa = PBXGroup;
			children = (
				8FEA768C21BB3DC200BAD865 /* Todoey */,
				8FEA768B21BB3DC200BAD865 /* Products */,
			);
			sourceTree = "<group>";
		};
		8FEA768B21BB3DC200BAD865 /* Products */ = {
			isa = PBXGroup;
			children = (
				8FEA768A21BB3DC200BAD865 /* Todoey.app */,
			);
			name = Products;
			sourceTree = "<group>";
		};
		8FEA768C21BB3DC200BAD865 /* Todoey */ = {
			isa = PBXGroup;
			children = (
				8FEA768D21BB3DC200BAD865 /* AppDelegate.swift */,
				8FEA769921BB3DC300BAD865 /* Info.plist */,
				8FCBFC3621BEC1C700BD80B9 /* Model */,
				8FCBFC3321BEC16E00BD80B9 /* Controller */,
				8FCBFC3421BEC18700BD80B9 /* View */,
				8FCBFC3521BEC1A900BD80B9 /* Supporting Files */,
			);
			path = Todoey;
			sourceTree = "<group>";
		};
/* End PBXGroup section */

/* Begin PBXNativeTarget section */
		8FEA768921BB3DC100BAD865 /* Todoey */ = {
			isa = PBXNativeTarget;
			buildConfigurationList = 8FEA769C21BB3DC300BAD865 /* Build configuration list for PBXNativeTarget "Todoey" */;
			buildPhases = (
				8FEA768621BB3DC100BAD865 /* Sources */,
				8FEA768721BB3DC100BAD865 /* Frameworks */,
				8FEA768821BB3DC100BAD865 /* Resources */,
			);
			buildRules = (
			);
			dependencies = (
			);
			name = Todoey;
			productName = Todoey;
			productReference = 8FEA768A21BB3DC200BAD865 /* Todoey.app */;
			productType = "com.apple.product-type.application";
		};
/* End PBXNativeTarget section */

/* Begin PBXProject section */
		8FEA768221BB3DC100BAD865 /* Project object */ = {
			isa = PBXProject;
			attributes = {
				LastSwiftUpdateCheck = 1000;
				LastUpgradeCheck = 1000;
				ORGANIZATIONNAME = MrRadix;
				TargetAttributes = {
					8FEA768921BB3DC100BAD865 = {
						CreatedOnToolsVersion = 10.0;
					};
				};
			};
			buildConfigurationList = 8FEA768521BB3DC100BAD865 /* Build configuration list for PBXProject "Todoey" */;
			compatibilityVersion = "Xcode 9.3";
			developmentRegion = en;
			hasScannedForEncodings = 0;
			knownRegions = (
				en,
				Base,
			);
			mainGroup = 8FEA768121BB3DC100BAD865;
			productRefGroup = 8FEA768B21BB3DC200BAD865 /* Products */;
			projectDirPath = "";
			projectRoot = "";
			targets = (
				8FEA768921BB3DC100BAD865 /* Todoey */,
			);
		};
/* End PBXProject section */

/* Begin PBXResourcesBuildPhase section */
		8FEA768821BB3DC100BAD865 /* Resources */ = {
			isa = PBXResourcesBuildPhase;
			buildActionMask = 2147483647;
			files = (
				8FEA769821BB3DC300BAD865 /* LaunchScreen.storyboard in Resources */,
				8FEA769521BB3DC300BAD865 /* Assets.xcassets in Resources */,
				8FEA769321BB3DC200BAD865 /* Main.storyboard in Resources */,
			);
			runOnlyForDeploymentPostprocessing = 0;
		};
/* End PBXResourcesBuildPhase section */

/* Begin PBXSourcesBuildPhase section */
		8FEA768621BB3DC100BAD865 /* Sources */ = {
			isa = PBXSourcesBuildPhase;
			buildActionMask = 2147483647;
			files = (
				8F6187EB21C42A8500510744 /* CategoryViewController.swift in Sources */,
				8FEA769021BB3DC200BAD865 /* ToDoListViewController.swift in Sources */,
				8F32286021C12FAA00B6B652 /* DataModel.xcdatamodeld in Sources */,
				8FCBFC3821BEC1EA00BD80B9 /* Data.swift in Sources */,
				8FEA768E21BB3DC200BAD865 /* AppDelegate.swift in Sources */,
			);
			runOnlyForDeploymentPostprocessing = 0;
		};
/* End PBXSourcesBuildPhase section */

/* Begin PBXVariantGroup section */
		8FEA769121BB3DC200BAD865 /* Main.storyboard */ = {
			isa = PBXVariantGroup;
			children = (
				8FEA769221BB3DC200BAD865 /* Base */,
			);
			name = Main.storyboard;
			sourceTree = "<group>";
		};
		8FEA769621BB3DC300BAD865 /* LaunchScreen.storyboard */ = {
			isa = PBXVariantGroup;
			children = (
				8FEA769721BB3DC300BAD865 /* Base */,
			);
			name = LaunchScreen.storyboard;
			sourceTree = "<group>";
		};
/* End PBXVariantGroup section */

/* Begin XCBuildConfiguration section */
		8FEA769A21BB3DC300BAD865 /* Debug */ = {
			isa = XCBuildConfiguration;
			buildSettings = {
				ALWAYS_SEARCH_USER_PATHS = NO;
				CLANG_ANALYZER_NONNULL = YES;
				CLANG_ANALYZER_NUMBER_OBJECT_CONVERSION = YES_AGGRESSIVE;
				CLANG_CXX_LANGUAGE_STANDARD = "gnu++14";
				CLANG_CXX_LIBRARY = "libc++";
				CLANG_ENABLE_MODULES = YES;
				CLANG_ENABLE_OBJC_ARC = YES;
				CLANG_ENABLE_OBJC_WEAK = YES;
				CLANG_WARN_BLOCK_CAPTURE_AUTORELEASING = YES;
				CLANG_WARN_BOOL_CONVERSION = YES;
				CLANG_WARN_COMMA = YES;
				CLANG_WARN_CONSTANT_CONVERSION = YES;
				CLANG_WARN_DEPRECATED_OBJC_IMPLEMENTATIONS = YES;
				CLANG_WARN_DIRECT_OBJC_ISA_USAGE = YES_ERROR;
				CLANG_WARN_DOCUMENTATION_COMMENTS = YES;
				CLANG_WARN_EMPTY_BODY = YES;
				CLANG_WARN_ENUM_CONVERSION = YES;
				CLANG_WARN_INFINITE_RECURSION = YES;
				CLANG_WARN_INT_CONVERSION = YES;
				CLANG_WARN_NON_LITERAL_NULL_CONVERSION = YES;
				CLANG_WARN_OBJC_IMPLICIT_RETAIN_SELF = YES;
				CLANG_WARN_OBJC_LITERAL_CONVERSION = YES;
				CLANG_WARN_OBJC_ROOT_CLASS = YES_ERROR;
				CLANG_WARN_RANGE_LOOP_ANALYSIS = YES;
				CLANG_WARN_STRICT_PROTOTYPES = YES;
				CLANG_WARN_SUSPICIOUS_MOVE = YES;
				CLANG_WARN_UNGUARDED_AVAILABILITY = YES_AGGRESSIVE;
				CLANG_WARN_UNREACHABLE_CODE = YES;
				CLANG_WARN__DUPLICATE_METHOD_MATCH = YES;
				CODE_SIGN_IDENTITY = "iPhone Developer";
				COPY_PHASE_STRIP = NO;
				DEBUG_INFORMATION_FORMAT = dwarf;
				ENABLE_STRICT_OBJC_MSGSEND = YES;
				ENABLE_TESTABILITY = YES;
				GCC_C_LANGUAGE_STANDARD = gnu11;
				GCC_DYNAMIC_NO_PIC = NO;
				GCC_NO_COMMON_BLOCKS = YES;
				GCC_OPTIMIZATION_LEVEL = 0;
				GCC_PREPROCESSOR_DEFINITIONS = (
					"DEBUG=1",
					"$(inherited)",
				);
				GCC_WARN_64_TO_32_BIT_CONVERSION = YES;
				GCC_WARN_ABOUT_RETURN_TYPE = YES_ERROR;
				GCC_WARN_UNDECLARED_SELECTOR = YES;
				GCC_WARN_UNINITIALIZED_AUTOS = YES_AGGRESSIVE;
				GCC_WARN_UNUSED_FUNCTION = YES;
				GCC_WARN_UNUSED_VARIABLE = YES;
				IPHONEOS_DEPLOYMENT_TARGET = 12.0;
				MTL_ENABLE_DEBUG_INFO = INCLUDE_SOURCE;
				MTL_FAST_MATH = YES;
				ONLY_ACTIVE_ARCH = YES;
				SDKROOT = iphoneos;
				SWIFT_ACTIVE_COMPILATION_CONDITIONS = DEBUG;
				SWIFT_OPTIMIZATION_LEVEL = "-Onone";
			};
			name = Debug;
		};
		8FEA769B21BB3DC300BAD865 /* Release */ = {
			isa = XCBuildConfiguration;
			buildSettings = {
				ALWAYS_SEARCH_USER_PATHS = NO;
				CLANG_ANALYZER_NONNULL = YES;
				CLANG_ANALYZER_NUMBER_OBJECT_CONVERSION = YES_AGGRESSIVE;
				CLANG_CXX_LANGUAGE_STANDARD = "gnu++14";
				CLANG_CXX_LIBRARY = "libc++";
				CLANG_ENABLE_MODULES = YES;
				CLANG_ENABLE_OBJC_ARC = YES;
				CLANG_ENABLE_OBJC_WEAK = YES;
				CLANG_WARN_BLOCK_CAPTURE_AUTORELEASING = YES;
				CLANG_WARN_BOOL_CONVERSION = YES;
				CLANG_WARN_COMMA = YES;
				CLANG_WARN_CONSTANT_CONVERSION = YES;
				CLANG_WARN_DEPRECATED_OBJC_IMPLEMENTATIONS = YES;
				CLANG_WARN_DIRECT_OBJC_ISA_USAGE = YES_ERROR;
				CLANG_WARN_DOCUMENTATION_COMMENTS = YES;
				CLANG_WARN_EMPTY_BODY = YES;
				CLANG_WARN_ENUM_CONVERSION = YES;
				CLANG_WARN_INFINITE_RECURSION = YES;
				CLANG_WARN_INT_CONVERSION = YES;
				CLANG_WARN_NON_LITERAL_NULL_CONVERSION = YES;
				CLANG_WARN_OBJC_IMPLICIT_RETAIN_SELF = YES;
				CLANG_WARN_OBJC_LITERAL_CONVERSION = YES;
				CLANG_WARN_OBJC_ROOT_CLASS = YES_ERROR;
				CLANG_WARN_RANGE_LOOP_ANALYSIS = YES;
				CLANG_WARN_STRICT_PROTOTYPES = YES;
				CLANG_WARN_SUSPICIOUS_MOVE = YES;
				CLANG_WARN_UNGUARDED_AVAILABILITY = YES_AGGRESSIVE;
				CLANG_WARN_UNREACHABLE_CODE = YES;
				CLANG_WARN__DUPLICATE_METHOD_MATCH = YES;
				CODE_SIGN_IDENTITY = "iPhone Developer";
				COPY_PHASE_STRIP = NO;
				DEBUG_INFORMATION_FORMAT = "dwarf-with-dsym";
				ENABLE_NS_ASSERTIONS = NO;
				ENABLE_STRICT_OBJC_MSGSEND = YES;
				GCC_C_LANGUAGE_STANDARD = gnu11;
				GCC_NO_COMMON_BLOCKS = YES;
				GCC_WARN_64_TO_32_BIT_CONVERSION = YES;
				GCC_WARN_ABOUT_RETURN_TYPE = YES_ERROR;
				GCC_WARN_UNDECLARED_SELECTOR = YES;
				GCC_WARN_UNINITIALIZED_AUTOS = YES_AGGRESSIVE;
				GCC_WARN_UNUSED_FUNCTION = YES;
				GCC_WARN_UNUSED_VARIABLE = YES;
				IPHONEOS_DEPLOYMENT_TARGET = 12.0;
				MTL_ENABLE_DEBUG_INFO = NO;
				MTL_FAST_MATH = YES;
				SDKROOT = iphoneos;
				SWIFT_COMPILATION_MODE = wholemodule;
				SWIFT_OPTIMIZATION_LEVEL = "-O";
				VALIDATE_PRODUCT = YES;
			};
			name = Release;
		};
		8FEA769D21BB3DC300BAD865 /* Debug */ = {
			isa = XCBuildConfiguration;
			buildSettings = {
				ASSETCATALOG_COMPILER_APPICON_NAME = AppIcon;
				CODE_SIGN_STYLE = Automatic;
				DEVELOPMENT_TEAM = TPMJ9P566X;
				INFOPLIST_FILE = Todoey/Info.plist;
				LD_RUNPATH_SEARCH_PATHS = (
					"$(inherited)",
					"@executable_path/Frameworks",
				);
				PRODUCT_BUNDLE_IDENTIFIER = com.MrRadix.Todoey;
				PRODUCT_NAME = "$(TARGET_NAME)";
				SWIFT_VERSION = 4.2;
				TARGETED_DEVICE_FAMILY = "1,2";
			};
			name = Debug;
		};
		8FEA769E21BB3DC300BAD865 /* Release */ = {
			isa = XCBuildConfiguration;
			buildSettings = {
				ASSETCATALOG_COMPILER_APPICON_NAME = AppIcon;
				CODE_SIGN_STYLE = Automatic;
				DEVELOPMENT_TEAM = TPMJ9P566X;
				INFOPLIST_FILE = Todoey/Info.plist;
				LD_RUNPATH_SEARCH_PATHS = (
					"$(inherited)",
					"@executable_path/Frameworks",
				);
				PRODUCT_BUNDLE_IDENTIFIER = com.MrRadix.Todoey;
				PRODUCT_NAME = "$(TARGET_NAME)";
				SWIFT_VERSION = 4.2;
				TARGETED_DEVICE_FAMILY = "1,2";
			};
			name = Release;
		};
/* End XCBuildConfiguration section */

/* Begin XCConfigurationList section */
		8FEA768521BB3DC100BAD865 /* Build configuration list for PBXProject "Todoey" */ = {
			isa = XCConfigurationList;
			buildConfigurations = (
				8FEA769A21BB3DC300BAD865 /* Debug */,
				8FEA769B21BB3DC300BAD865 /* Release */,
			);
			defaultConfigurationIsVisible = 0;
			defaultConfigurationName = Release;
		};
		8FEA769C21BB3DC300BAD865 /* Build configuration list for PBXNativeTarget "Todoey" */ = {
			isa = XCConfigurationList;
			buildConfigurations = (
				8FEA769D21BB3DC300BAD865 /* Debug */,
				8FEA769E21BB3DC300BAD865 /* Release */,
			);
			defaultConfigurationIsVisible = 0;
			defaultConfigurationName = Release;
		};
/* End XCConfigurationList section */

/* Begin XCVersionGroup section */
		8F32285E21C12FAA00B6B652 /* DataModel.xcdatamodeld */ = {
			isa = XCVersionGroup;
			children = (
				8F32285F21C12FAA00B6B652 /* DataModel.xcdatamodel */,
			);
			currentVersion = 8F32285F21C12FAA00B6B652 /* DataModel.xcdatamodel */;
			path = DataModel.xcdatamodeld;
			sourceTree = "<group>";
			versionGroupType = wrapper.xcdatamodel;
		};
/* End XCVersionGroup section */
	};
	rootObject = 8FEA768221BB3DC100BAD865 /* Project object */;
}
